[ "cowboy": {:git, "git://github.com/extend/cowboy.git", "df818625545d565b8b76fbc445063a4822114b93", []},
  "cowlib": {:git, "git://github.com/extend/cowlib.git", "63298e8e160031a70efff86a1acde7e7db1fcda6", [ref: "0.4.0"]},
  "dynamo": {:git, "git://github.com/elixir-lang/dynamo.git", "bf865669ff76c975d1513733c945fc2179e8945e", []},
  "ecto": {:git, "git://github.com/elixir-lang/ecto.git", "cd3ab92322b5c8b00ef3d35bd44dbbf250cdf877", []},
  "mimetypes": {:git, "git://github.com/spawngrid/mimetypes.git", "47d37a977a7d633199822bf6b08353007483d00f", []},
  "pgsql": {:git, "git://github.com/ericmj/pgsql.git", "ac8c0f65098d8d5ffafa613f54945ebfa7377983", [branch: "elixir"]},
  "poolboy": {:git, "git://github.com/devinus/poolboy.git", "c2c939b51aba06790ca51fa78b14c254a6ea977d", []},
  "postgrex": {:git, "git://github.com/ericmj/postgrex.git", "b7cc22ee67526baf56eca1eda54485ccfcd088db", []},
  "ranch": {:git, "git://github.com/extend/ranch.git", "5df1f222f94e08abdcab7084f5e13027143cc222", [ref: "0.9.0"]} ]
