%{"cowboy": {:git, "git://github.com/extend/cowboy.git", "0ec713fc4b185c3cd0f6b2e7ec2c5f198361bddd", []},
  "cowlib": {:git, "git://github.com/extend/cowlib.git", "63298e8e160031a70efff86a1acde7e7db1fcda6", [ref: "0.4.0"]},
  "decimal": {:package, "0.1.2"},
  "dynamo": {:git, "git://github.com/dynamo/dynamo.git", "d5c71e0023f9d85c796f6069a1d678dddd285cd0", []},
  "ecto": {:git, "git://github.com/elixir-lang/ecto.git", "303131c50b5881fb7836ddbe2e88e0241c5e83c6", []},
  "mime": {:git, "git://github.com/dynamo/mime.git", "db84370c53a67a7e58a4d0cfb026f4edc64a9367", []},
  "mimetypes": {:git, "git://github.com/spawngrid/mimetypes.git", "47d37a977a7d633199822bf6b08353007483d00f", []},
  "poolboy": {:package, "1.2.1"},
  "postgrex": {:package, "0.4.2"},
  "ranch": {:git, "git://github.com/extend/ranch.git", "5df1f222f94e08abdcab7084f5e13027143cc222", [ref: "0.9.0"]}}
